
Microsoft Visual Studio Solution File, Format Version 12.00
# Visual Studio Version 17
VisualStudioVersion = 17.4.33213.308
MinimumVisualStudioVersion = 10.0.40219.1
Project("{FAE04EC0-301F-11D3-BF4B-00C04F79EFBC}") = "AnteBeotWinClient", "AnteBeotWinClient\AnteBeotWinClient.csproj", "{C20A30B3-69B7-4D4E-8506-77EE5338AF15}"
EndProject
Global
	GlobalSection(SolutionConfigurationPlatforms) = preSolution
		Debug|Any CPU = Debug|Any CPU
		Release|Any CPU = Release|Any CPU
	EndGlobalSection
	GlobalSection(ProjectConfigurationPlatforms) = postSolution
		{C20A30B3-69B7-4D4E-8506-77EE5338AF15}.Debug|Any CPU.ActiveCfg = Debug|Any CPU
		{C20A30B3-69B7-4D4E-8506-77EE5338AF15}.Debug|Any CPU.Build.0 = Debug|Any CPU
		{C20A30B3-69B7-4D4E-8506-77EE5338AF15}.Release|Any CPU.ActiveCfg = Release|Any CPU
		{C20A30B3-69B7-4D4E-8506-77EE5338AF15}.Release|Any CPU.Build.0 = Release|Any CPU
	EndGlobalSection
	GlobalSection(SolutionProperties) = preSolution
		HideSolutionNode = FALSE
	EndGlobalSection
	GlobalSection(ExtensibilityGlobals) = postSolution
		SolutionGuid = {CEF7F14A-DE5D-49CA-9CB0-BE916C5A9656}
	EndGlobalSection
EndGlobal
